
Microsoft Visual Studio Solution File, Format Version 11.00
# Visual Studio 2010
Project("{FAE04EC0-301F-11D3-BF4B-00C04F79EFBC}") = "Assembly-CSharp-firstpass", "Assembly-CSharp-firstpass.csproj", "{5ab4a1fb-94e0-2b0d-909b-b1bb59b6fb82}"
EndProject
Project("{FAE04EC0-301F-11D3-BF4B-00C04F79EFBC}") = "Assembly-CSharp", "Assembly-CSharp.csproj", "{7e323f91-1449-0e03-105a-2f265ae7446b}"
EndProject
Project("{FAE04EC0-301F-11D3-BF4B-00C04F79EFBC}") = "AstarPathfindingProject", "AstarPathfindingProject.csproj", "{10fa9d0b-9034-fc7d-7957-225d8af36c8f}"
EndProject
Project("{FAE04EC0-301F-11D3-BF4B-00C04F79EFBC}") = "Paroxe.PDFRenderer", "Paroxe.PDFRenderer.csproj", "{e93485d8-afb3-3a07-0a88-f7294a0f14dd}"
EndProject
Project("{FAE04EC0-301F-11D3-BF4B-00C04F79EFBC}") = "Assembly-CSharp-Editor", "Assembly-CSharp-Editor.csproj", "{1d9288e4-f463-0d85-d2bf-b4f558e321f7}"
EndProject
Project("{FAE04EC0-301F-11D3-BF4B-00C04F79EFBC}") = "AstarPathfindingProjectEditor", "AstarPathfindingProjectEditor.csproj", "{c527a2fc-aba6-eb6b-ef92-aba8f03cdfaf}"
EndProject
Project("{FAE04EC0-301F-11D3-BF4B-00C04F79EFBC}") = "Assembly-CSharp-Editor-firstpass", "Assembly-CSharp-Editor-firstpass.csproj", "{3b02589e-31f7-a634-125c-6483be3d8712}"
EndProject
Project("{FAE04EC0-301F-11D3-BF4B-00C04F79EFBC}") = "PackageToolsEditor", "PackageToolsEditor.csproj", "{7ad002ae-b5dc-ba08-2ceb-f113e05940cb}"
EndProject
Project("{FAE04EC0-301F-11D3-BF4B-00C04F79EFBC}") = "Paroxe.PDFRenderer.Editor", "Paroxe.PDFRenderer.Editor.csproj", "{45534d5d-507b-f588-91d6-d818d38485d7}"
EndProject
Global
	GlobalSection(SolutionConfigurationPlatforms) = preSolution
		Debug|Any CPU = Debug|Any CPU
	EndGlobalSection
	GlobalSection(ProjectConfigurationPlatforms) = postSolution
		{5ab4a1fb-94e0-2b0d-909b-b1bb59b6fb82}.Debug|Any CPU.ActiveCfg = Debug|Any CPU
		{5ab4a1fb-94e0-2b0d-909b-b1bb59b6fb82}.Debug|Any CPU.Build.0 = Debug|Any CPU
		{7e323f91-1449-0e03-105a-2f265ae7446b}.Debug|Any CPU.ActiveCfg = Debug|Any CPU
		{7e323f91-1449-0e03-105a-2f265ae7446b}.Debug|Any CPU.Build.0 = Debug|Any CPU
		{10fa9d0b-9034-fc7d-7957-225d8af36c8f}.Debug|Any CPU.ActiveCfg = Debug|Any CPU
		{10fa9d0b-9034-fc7d-7957-225d8af36c8f}.Debug|Any CPU.Build.0 = Debug|Any CPU
		{e93485d8-afb3-3a07-0a88-f7294a0f14dd}.Debug|Any CPU.ActiveCfg = Debug|Any CPU
		{e93485d8-afb3-3a07-0a88-f7294a0f14dd}.Debug|Any CPU.Build.0 = Debug|Any CPU
		{1d9288e4-f463-0d85-d2bf-b4f558e321f7}.Debug|Any CPU.ActiveCfg = Debug|Any CPU
		{1d9288e4-f463-0d85-d2bf-b4f558e321f7}.Debug|Any CPU.Build.0 = Debug|Any CPU
		{c527a2fc-aba6-eb6b-ef92-aba8f03cdfaf}.Debug|Any CPU.ActiveCfg = Debug|Any CPU
		{c527a2fc-aba6-eb6b-ef92-aba8f03cdfaf}.Debug|Any CPU.Build.0 = Debug|Any CPU
		{3b02589e-31f7-a634-125c-6483be3d8712}.Debug|Any CPU.ActiveCfg = Debug|Any CPU
		{3b02589e-31f7-a634-125c-6483be3d8712}.Debug|Any CPU.Build.0 = Debug|Any CPU
		{7ad002ae-b5dc-ba08-2ceb-f113e05940cb}.Debug|Any CPU.ActiveCfg = Debug|Any CPU
		{7ad002ae-b5dc-ba08-2ceb-f113e05940cb}.Debug|Any CPU.Build.0 = Debug|Any CPU
		{45534d5d-507b-f588-91d6-d818d38485d7}.Debug|Any CPU.ActiveCfg = Debug|Any CPU
		{45534d5d-507b-f588-91d6-d818d38485d7}.Debug|Any CPU.Build.0 = Debug|Any CPU
	EndGlobalSection
	GlobalSection(SolutionProperties) = preSolution
		HideSolutionNode = FALSE
	EndGlobalSection
EndGlobal
